
Microsoft Visual Studio Solution File, Format Version 12.00
# Visual Studio Version 17
VisualStudioVersion = 17.2.32519.379
MinimumVisualStudioVersion = 10.0.40219.1
Project("{9A19103F-16F7-4668-BE54-9A1E7A4F7556}") = "CavesOfQudDecompiled", "C:\Users\johnd\source\repos\CavesOfQudDecompiled\CavesOfQudDecompiled.csproj", "{1C0EB6D1-8384-4F10-B038-F00F50147FE5}"
EndProject
Project("{FAE04EC0-301F-11D3-BF4B-00C04F79EFBC}") = "ProfanedMod", "ProfanedMod.csproj", "{5ECFB315-FB5C-4DE3-8981-C7353AA66025}"
EndProject
Global
	GlobalSection(SolutionConfigurationPlatforms) = preSolution
		Debug|Any CPU = Debug|Any CPU
		Release|Any CPU = Release|Any CPU
	EndGlobalSection
	GlobalSection(ProjectConfigurationPlatforms) = postSolution
		{1C0EB6D1-8384-4F10-B038-F00F50147FE5}.Debug|Any CPU.ActiveCfg = Debug|Any CPU
		{1C0EB6D1-8384-4F10-B038-F00F50147FE5}.Debug|Any CPU.Build.0 = Debug|Any CPU
		{1C0EB6D1-8384-4F10-B038-F00F50147FE5}.Release|Any CPU.ActiveCfg = Release|Any CPU
		{1C0EB6D1-8384-4F10-B038-F00F50147FE5}.Release|Any CPU.Build.0 = Release|Any CPU
		{5ECFB315-FB5C-4DE3-8981-C7353AA66025}.Debug|Any CPU.ActiveCfg = Debug|Any CPU
		{5ECFB315-FB5C-4DE3-8981-C7353AA66025}.Debug|Any CPU.Build.0 = Debug|Any CPU
		{5ECFB315-FB5C-4DE3-8981-C7353AA66025}.Release|Any CPU.ActiveCfg = Release|Any CPU
		{5ECFB315-FB5C-4DE3-8981-C7353AA66025}.Release|Any CPU.Build.0 = Release|Any CPU
	EndGlobalSection
	GlobalSection(SolutionProperties) = preSolution
		HideSolutionNode = FALSE
	EndGlobalSection
	GlobalSection(ExtensibilityGlobals) = postSolution
		SolutionGuid = {EC574A3A-9294-47D4-83CF-F823023572D3}
	EndGlobalSection
EndGlobal
